
Microsoft Visual Studio Solution File, Format Version 12.00
# Visual Studio Version 16
VisualStudioVersion = 16.0.29806.167
MinimumVisualStudioVersion = 10.0.40219.1
Project("{FAE04EC0-301F-11D3-BF4B-00C04F79EFBC}") = "SmartScheduler", "SmartScheduler.csproj", "{24DF6567-35D6-49C3-A08C-8938E40B6857}"
EndProject
Global
	GlobalSection(SolutionConfigurationPlatforms) = preSolution
		Debug|Any CPU = Debug|Any CPU
		Debug|ARM = Debug|ARM
		Debug|ARM64 = Debug|ARM64
		Debug|x64 = Debug|x64
		Debug|x86 = Debug|x86
		Release|Any CPU = Release|Any CPU
		Release|ARM = Release|ARM
		Release|ARM64 = Release|ARM64
		Release|x64 = Release|x64
		Release|x86 = Release|x86
	EndGlobalSection
	GlobalSection(ProjectConfigurationPlatforms) = postSolution
		{24DF6567-35D6-49C3-A08C-8938E40B6857}.Debug|Any CPU.ActiveCfg = Debug|x86
		{24DF6567-35D6-49C3-A08C-8938E40B6857}.Debug|ARM.ActiveCfg = Debug|ARM
		{24DF6567-35D6-49C3-A08C-8938E40B6857}.Debug|ARM.Build.0 = Debug|ARM
		{24DF6567-35D6-49C3-A08C-8938E40B6857}.Debug|ARM.Deploy.0 = Debug|ARM
		{24DF6567-35D6-49C3-A08C-8938E40B6857}.Debug|ARM64.ActiveCfg = Debug|ARM64
		{24DF6567-35D6-49C3-A08C-8938E40B6857}.Debug|ARM64.Build.0 = Debug|ARM64
		{24DF6567-35D6-49C3-A08C-8938E40B6857}.Debug|ARM64.Deploy.0 = Debug|ARM64
		{24DF6567-35D6-49C3-A08C-8938E40B6857}.Debug|x64.ActiveCfg = Debug|x64
		{24DF6567-35D6-49C3-A08C-8938E40B6857}.Debug|x64.Build.0 = Debug|x64
		{24DF6567-35D6-49C3-A08C-8938E40B6857}.Debug|x64.Deploy.0 = Debug|x64
		{24DF6567-35D6-49C3-A08C-8938E40B6857}.Debug|x86.ActiveCfg = Debug|x86
		{24DF6567-35D6-49C3-A08C-8938E40B6857}.Debug|x86.Build.0 = Debug|x86
		{24DF6567-35D6-49C3-A08C-8938E40B6857}.Debug|x86.Deploy.0 = Debug|x86
		{24DF6567-35D6-49C3-A08C-8938E40B6857}.Release|Any CPU.ActiveCfg = Release|x86
		{24DF6567-35D6-49C3-A08C-8938E40B6857}.Release|ARM.ActiveCfg = Release|ARM
		{24DF6567-35D6-49C3-A08C-8938E40B6857}.Release|ARM.Build.0 = Release|ARM
		{24DF6567-35D6-49C3-A08C-8938E40B6857}.Release|ARM.Deploy.0 = Release|ARM
		{24DF6567-35D6-49C3-A08C-8938E40B6857}.Release|ARM64.ActiveCfg = Release|ARM64
		{24DF6567-35D6-49C3-A08C-8938E40B6857}.Release|ARM64.Build.0 = Release|ARM64
		{24DF6567-35D6-49C3-A08C-8938E40B6857}.Release|ARM64.Deploy.0 = Release|ARM64
		{24DF6567-35D6-49C3-A08C-8938E40B6857}.Release|x64.ActiveCfg = Release|x64
		{24DF6567-35D6-49C3-A08C-8938E40B6857}.Release|x64.Build.0 = Release|x64
		{24DF6567-35D6-49C3-A08C-8938E40B6857}.Release|x64.Deploy.0 = Release|x64
		{24DF6567-35D6-49C3-A08C-8938E40B6857}.Release|x86.ActiveCfg = Release|x86
		{24DF6567-35D6-49C3-A08C-8938E40B6857}.Release|x86.Build.0 = Release|x86
		{24DF6567-35D6-49C3-A08C-8938E40B6857}.Release|x86.Deploy.0 = Release|x86
	EndGlobalSection
	GlobalSection(SolutionProperties) = preSolution
		HideSolutionNode = FALSE
	EndGlobalSection
	GlobalSection(ExtensibilityGlobals) = postSolution
		SolutionGuid = {E96EE072-91EA-474C-91AF-2510A2E1DD27}
	EndGlobalSection
EndGlobal
